
Microsoft Visual Studio Solution File, Format Version 12.00
# Visual Studio 15
VisualStudioVersion = 15.0.27004.2008
MinimumVisualStudioVersion = 10.0.40219.1
Project("{FAE04EC0-301F-11D3-BF4B-00C04F79EFBC}") = "RoomAreaCalculator", "RoomAreaCalculator\RoomAreaCalculator.csproj", "{C5ED21C0-3E8F-4B3D-B4E0-1798403D67B9}"
EndProject
Project("{FAE04EC0-301F-11D3-BF4B-00C04F79EFBC}") = "RoomAreaCalculatorTests", "RoomAreaCalculatorTests\RoomAreaCalculatorTests.csproj", "{F73EE461-E519-486C-A15D-981FEFB4CCF8}"
EndProject
Project("{FAE04EC0-301F-11D3-BF4B-00C04F79EFBC}") = "RoomAreaCalculatorLibrary", "RoomAreaCalculatorLibrary\RoomAreaCalculatorLibrary.csproj", "{0B24D648-16AA-4DB9-A8C2-7C5F72995F45}"
EndProject
Global
	GlobalSection(SolutionConfigurationPlatforms) = preSolution
		Debug|Any CPU = Debug|Any CPU
		Release|Any CPU = Release|Any CPU
	EndGlobalSection
	GlobalSection(ProjectConfigurationPlatforms) = postSolution
		{C5ED21C0-3E8F-4B3D-B4E0-1798403D67B9}.Debug|Any CPU.ActiveCfg = Debug|Any CPU
		{C5ED21C0-3E8F-4B3D-B4E0-1798403D67B9}.Debug|Any CPU.Build.0 = Debug|Any CPU
		{C5ED21C0-3E8F-4B3D-B4E0-1798403D67B9}.Release|Any CPU.ActiveCfg = Release|Any CPU
		{C5ED21C0-3E8F-4B3D-B4E0-1798403D67B9}.Release|Any CPU.Build.0 = Release|Any CPU
		{F73EE461-E519-486C-A15D-981FEFB4CCF8}.Debug|Any CPU.ActiveCfg = Debug|Any CPU
		{F73EE461-E519-486C-A15D-981FEFB4CCF8}.Debug|Any CPU.Build.0 = Debug|Any CPU
		{F73EE461-E519-486C-A15D-981FEFB4CCF8}.Release|Any CPU.ActiveCfg = Release|Any CPU
		{F73EE461-E519-486C-A15D-981FEFB4CCF8}.Release|Any CPU.Build.0 = Release|Any CPU
		{0B24D648-16AA-4DB9-A8C2-7C5F72995F45}.Debug|Any CPU.ActiveCfg = Debug|Any CPU
		{0B24D648-16AA-4DB9-A8C2-7C5F72995F45}.Debug|Any CPU.Build.0 = Debug|Any CPU
		{0B24D648-16AA-4DB9-A8C2-7C5F72995F45}.Release|Any CPU.ActiveCfg = Release|Any CPU
		{0B24D648-16AA-4DB9-A8C2-7C5F72995F45}.Release|Any CPU.Build.0 = Release|Any CPU
	EndGlobalSection
	GlobalSection(SolutionProperties) = preSolution
		HideSolutionNode = FALSE
	EndGlobalSection
	GlobalSection(ExtensibilityGlobals) = postSolution
		SolutionGuid = {A7737224-7469-4673-BC12-06E977747475}
	EndGlobalSection
EndGlobal
